// !$*UTF8*$!
{
	archiveVersion = 1;
	classes = {
	};
	objectVersion = 50;
	objects = {

/* Begin PBXBuildFile section */
		7A22EE21242CE244004CBE6F /* AnimatedButton.swift in Sources */ = {isa = PBXBuildFile; fileRef = 7A22EE20242CE244004CBE6F /* AnimatedButton.swift */; };
		7A2B8843233CD47E00996E09 /* ViewController.swift in Sources */ = {isa = PBXBuildFile; fileRef = 7A2B8842233CD47E00996E09 /* ViewController.swift */; };
		7A2B8845233CD52000996E09 /* ViewControllerNoVM.swift in Sources */ = {isa = PBXBuildFile; fileRef = 7A2B8844233CD52000996E09 /* ViewControllerNoVM.swift */; };
		7A2B8847233CD6AF00996E09 /* ViewControllerStyleable.swift in Sources */ = {isa = PBXBuildFile; fileRef = 7A2B8846233CD6AF00996E09 /* ViewControllerStyleable.swift */; };
		7A2B8849233CD72E00996E09 /* AppStyle.swift in Sources */ = {isa = PBXBuildFile; fileRef = 7A2B8848233CD72E00996E09 /* AppStyle.swift */; };
		7A2BDF322342725200895615 /* UIViewController+.swift in Sources */ = {isa = PBXBuildFile; fileRef = 7A2BDF312342725200895615 /* UIViewController+.swift */; };
		7A386FDB23339F3400B7BADE /* QExtensions.framework in Frameworks */ = {isa = PBXBuildFile; fileRef = 7A386FD123339F3400B7BADE /* QExtensions.framework */; };
		7A386FE023339F3400B7BADE /* QExtensionsTests.swift in Sources */ = {isa = PBXBuildFile; fileRef = 7A386FDF23339F3400B7BADE /* QExtensionsTests.swift */; };
		7A386FE223339F3400B7BADE /* QExtensions.h in Headers */ = {isa = PBXBuildFile; fileRef = 7A386FD423339F3400B7BADE /* QExtensions.h */; settings = {ATTRIBUTES = (Public, ); }; };
		7A386FEC2333A66600B7BADE /* UIColor+.swift in Sources */ = {isa = PBXBuildFile; fileRef = 7A386FEB2333A66600B7BADE /* UIColor+.swift */; };
		7A386FF22334B37100B7BADE /* Date+.swift in Sources */ = {isa = PBXBuildFile; fileRef = 7A386FF12334B37100B7BADE /* Date+.swift */; };
		7A386FF52334B38E00B7BADE /* DateFormatter+.swift in Sources */ = {isa = PBXBuildFile; fileRef = 7A386FF42334B38E00B7BADE /* DateFormatter+.swift */; };
		7A386FF82334B8EB00B7BADE /* Reusable.swift in Sources */ = {isa = PBXBuildFile; fileRef = 7A386FF72334B8EB00B7BADE /* Reusable.swift */; };
		7A386FF92334B8EB00B7BADE /* Reusable.swift in Sources */ = {isa = PBXBuildFile; fileRef = 7A386FF72334B8EB00B7BADE /* Reusable.swift */; };
		7A386FFB2334C02600B7BADE /* UIAlertController+.swift in Sources */ = {isa = PBXBuildFile; fileRef = 7A386FFA2334C02600B7BADE /* UIAlertController+.swift */; };
		7A386FFE2334C0A200B7BADE /* UIButton+.swift in Sources */ = {isa = PBXBuildFile; fileRef = 7A386FFD2334C0A200B7BADE /* UIButton+.swift */; };
		7A3870012334C23800B7BADE /* Logger.swift in Sources */ = {isa = PBXBuildFile; fileRef = 7A3870002334C23800B7BADE /* Logger.swift */; };
		7A3870042334CBB400B7BADE /* UnderKeyboardLayoutConstraint.swift in Sources */ = {isa = PBXBuildFile; fileRef = 7A3870032334CBB400B7BADE /* UnderKeyboardLayoutConstraint.swift */; };
		7A38700723350F1C00B7BADE /* Bundle+.swift in Sources */ = {isa = PBXBuildFile; fileRef = 7A38700623350F1C00B7BADE /* Bundle+.swift */; };
		7A38700923350FA600B7BADE /* GradientView.swift in Sources */ = {isa = PBXBuildFile; fileRef = 7A38700823350FA600B7BADE /* GradientView.swift */; };
		7A38700B2335104500B7BADE /* NSAttributedString+.swift in Sources */ = {isa = PBXBuildFile; fileRef = 7A38700A2335104500B7BADE /* NSAttributedString+.swift */; };
		7A38700D2335112900B7BADE /* String+.swift in Sources */ = {isa = PBXBuildFile; fileRef = 7A38700C2335112900B7BADE /* String+.swift */; };
		7A38700F233689AE00B7BADE /* UIDevice+.swift in Sources */ = {isa = PBXBuildFile; fileRef = 7A38700E233689AE00B7BADE /* UIDevice+.swift */; };
		7A38701123368A1900B7BADE /* UIImage+.swift in Sources */ = {isa = PBXBuildFile; fileRef = 7A38701023368A1900B7BADE /* UIImage+.swift */; };
		7A38701323368AE900B7BADE /* UIView+.swift in Sources */ = {isa = PBXBuildFile; fileRef = 7A38701223368AE900B7BADE /* UIView+.swift */; };
		7A413E1723AFD76F00194944 /* UINavigationController+.swift in Sources */ = {isa = PBXBuildFile; fileRef = 7A413E1623AFD76F00194944 /* UINavigationController+.swift */; };
		7A413E1923AFD91D00194944 /* UIStackView+.swift in Sources */ = {isa = PBXBuildFile; fileRef = 7A413E1823AFD91D00194944 /* UIStackView+.swift */; };
		7A5D0B9E233BB11A003CC100 /* FlowCoordinator.swift in Sources */ = {isa = PBXBuildFile; fileRef = 7A5D0B9D233BB11A003CC100 /* FlowCoordinator.swift */; };
		7A5D0BA0233BB169003CC100 /* QBase.swift in Sources */ = {isa = PBXBuildFile; fileRef = 7A5D0B9F233BB169003CC100 /* QBase.swift */; };
		7A5D0BA2233BB32B003CC100 /* FlowCoordinatorNoDeepLink.swift in Sources */ = {isa = PBXBuildFile; fileRef = 7A5D0BA1233BB32B003CC100 /* FlowCoordinatorNoDeepLink.swift */; };
		7A6C30B42350EDA10007EF14 /* UIScreen+.swift in Sources */ = {isa = PBXBuildFile; fileRef = 7A6C30B32350EDA10007EF14 /* UIScreen+.swift */; };
		7A6FDA1023F5E1F100875CE9 /* UILabel+.swift in Sources */ = {isa = PBXBuildFile; fileRef = 7A6FDA0F23F5E1F000875CE9 /* UILabel+.swift */; };
		7A6FDA1223F5E4F900875CE9 /* UITableViewCell+.swift in Sources */ = {isa = PBXBuildFile; fileRef = 7A6FDA1123F5E4F900875CE9 /* UITableViewCell+.swift */; };
		7A700A0D2334ED1B0075B5EA /* CustomLoadingView.swift in Sources */ = {isa = PBXBuildFile; fileRef = 7A700A0C2334ED1B0075B5EA /* CustomLoadingView.swift */; };
/* End PBXBuildFile section */

/* Begin PBXContainerItemProxy section */
		7A386FDC23339F3400B7BADE /* PBXContainerItemProxy */ = {
			isa = PBXContainerItemProxy;
			containerPortal = 7A386FC823339F3400B7BADE /* Project object */;
			proxyType = 1;
			remoteGlobalIDString = 7A386FD023339F3400B7BADE;
			remoteInfo = QExtensions;
		};
/* End PBXContainerItemProxy section */

/* Begin PBXFileReference section */
		7A22EE20242CE244004CBE6F /* AnimatedButton.swift */ = {isa = PBXFileReference; lastKnownFileType = sourcecode.swift; path = AnimatedButton.swift; sourceTree = "<group>"; };
		7A2B8842233CD47E00996E09 /* ViewController.swift */ = {isa = PBXFileReference; lastKnownFileType = sourcecode.swift; path = ViewController.swift; sourceTree = "<group>"; };
		7A2B8844233CD52000996E09 /* ViewControllerNoVM.swift */ = {isa = PBXFileReference; lastKnownFileType = sourcecode.swift; path = ViewControllerNoVM.swift; sourceTree = "<group>"; };
		7A2B8846233CD6AF00996E09 /* ViewControllerStyleable.swift */ = {isa = PBXFileReference; lastKnownFileType = sourcecode.swift; path = ViewControllerStyleable.swift; sourceTree = "<group>"; };
		7A2B8848233CD72E00996E09 /* AppStyle.swift */ = {isa = PBXFileReference; lastKnownFileType = sourcecode.swift; path = AppStyle.swift; sourceTree = "<group>"; };
		7A2BDF312342725200895615 /* UIViewController+.swift */ = {isa = PBXFileReference; lastKnownFileType = sourcecode.swift; path = "UIViewController+.swift"; sourceTree = "<group>"; };
		7A386FD123339F3400B7BADE /* QExtensions.framework */ = {isa = PBXFileReference; explicitFileType = wrapper.framework; includeInIndex = 0; path = QExtensions.framework; sourceTree = BUILT_PRODUCTS_DIR; };
		7A386FD423339F3400B7BADE /* QExtensions.h */ = {isa = PBXFileReference; lastKnownFileType = sourcecode.c.h; path = QExtensions.h; sourceTree = "<group>"; };
		7A386FD523339F3400B7BADE /* Info.plist */ = {isa = PBXFileReference; lastKnownFileType = text.plist.xml; path = Info.plist; sourceTree = "<group>"; };
		7A386FDA23339F3400B7BADE /* QExtensionsTests.xctest */ = {isa = PBXFileReference; explicitFileType = wrapper.cfbundle; includeInIndex = 0; path = QExtensionsTests.xctest; sourceTree = BUILT_PRODUCTS_DIR; };
		7A386FDF23339F3400B7BADE /* QExtensionsTests.swift */ = {isa = PBXFileReference; lastKnownFileType = sourcecode.swift; path = QExtensionsTests.swift; sourceTree = "<group>"; };
		7A386FE123339F3400B7BADE /* Info.plist */ = {isa = PBXFileReference; lastKnownFileType = text.plist.xml; path = Info.plist; sourceTree = "<group>"; };
		7A386FEB2333A66600B7BADE /* UIColor+.swift */ = {isa = PBXFileReference; lastKnownFileType = sourcecode.swift; path = "UIColor+.swift"; sourceTree = "<group>"; };
		7A386FF12334B37100B7BADE /* Date+.swift */ = {isa = PBXFileReference; lastKnownFileType = sourcecode.swift; path = "Date+.swift"; sourceTree = "<group>"; };
		7A386FF42334B38E00B7BADE /* DateFormatter+.swift */ = {isa = PBXFileReference; lastKnownFileType = sourcecode.swift; path = "DateFormatter+.swift"; sourceTree = "<group>"; };
		7A386FF72334B8EB00B7BADE /* Reusable.swift */ = {isa = PBXFileReference; lastKnownFileType = sourcecode.swift; path = Reusable.swift; sourceTree = "<group>"; };
		7A386FFA2334C02600B7BADE /* UIAlertController+.swift */ = {isa = PBXFileReference; lastKnownFileType = sourcecode.swift; path = "UIAlertController+.swift"; sourceTree = "<group>"; };
		7A386FFD2334C0A200B7BADE /* UIButton+.swift */ = {isa = PBXFileReference; lastKnownFileType = sourcecode.swift; path = "UIButton+.swift"; sourceTree = "<group>"; };
		7A3870002334C23800B7BADE /* Logger.swift */ = {isa = PBXFileReference; lastKnownFileType = sourcecode.swift; path = Logger.swift; sourceTree = "<group>"; };
		7A3870032334CBB400B7BADE /* UnderKeyboardLayoutConstraint.swift */ = {isa = PBXFileReference; lastKnownFileType = sourcecode.swift; path = UnderKeyboardLayoutConstraint.swift; sourceTree = "<group>"; };
		7A38700623350F1C00B7BADE /* Bundle+.swift */ = {isa = PBXFileReference; lastKnownFileType = sourcecode.swift; path = "Bundle+.swift"; sourceTree = "<group>"; };
		7A38700823350FA600B7BADE /* GradientView.swift */ = {isa = PBXFileReference; lastKnownFileType = sourcecode.swift; path = GradientView.swift; sourceTree = "<group>"; };
		7A38700A2335104500B7BADE /* NSAttributedString+.swift */ = {isa = PBXFileReference; lastKnownFileType = sourcecode.swift; path = "NSAttributedString+.swift"; sourceTree = "<group>"; };
		7A38700C2335112900B7BADE /* String+.swift */ = {isa = PBXFileReference; lastKnownFileType = sourcecode.swift; path = "String+.swift"; sourceTree = "<group>"; };
		7A38700E233689AE00B7BADE /* UIDevice+.swift */ = {isa = PBXFileReference; lastKnownFileType = sourcecode.swift; path = "UIDevice+.swift"; sourceTree = "<group>"; };
		7A38701023368A1900B7BADE /* UIImage+.swift */ = {isa = PBXFileReference; lastKnownFileType = sourcecode.swift; path = "UIImage+.swift"; sourceTree = "<group>"; };
		7A38701223368AE900B7BADE /* UIView+.swift */ = {isa = PBXFileReference; lastKnownFileType = sourcecode.swift; path = "UIView+.swift"; sourceTree = "<group>"; };
		7A413E1623AFD76F00194944 /* UINavigationController+.swift */ = {isa = PBXFileReference; lastKnownFileType = sourcecode.swift; path = "UINavigationController+.swift"; sourceTree = "<group>"; };
		7A413E1823AFD91D00194944 /* UIStackView+.swift */ = {isa = PBXFileReference; lastKnownFileType = sourcecode.swift; path = "UIStackView+.swift"; sourceTree = "<group>"; };
		7A5D0B9D233BB11A003CC100 /* FlowCoordinator.swift */ = {isa = PBXFileReference; lastKnownFileType = sourcecode.swift; path = FlowCoordinator.swift; sourceTree = "<group>"; };
		7A5D0B9F233BB169003CC100 /* QBase.swift */ = {isa = PBXFileReference; lastKnownFileType = sourcecode.swift; path = QBase.swift; sourceTree = "<group>"; };
		7A5D0BA1233BB32B003CC100 /* FlowCoordinatorNoDeepLink.swift */ = {isa = PBXFileReference; lastKnownFileType = sourcecode.swift; path = FlowCoordinatorNoDeepLink.swift; sourceTree = "<group>"; };
		7A6C30B32350EDA10007EF14 /* UIScreen+.swift */ = {isa = PBXFileReference; lastKnownFileType = sourcecode.swift; path = "UIScreen+.swift"; sourceTree = "<group>"; };
		7A6FDA0F23F5E1F000875CE9 /* UILabel+.swift */ = {isa = PBXFileReference; lastKnownFileType = sourcecode.swift; path = "UILabel+.swift"; sourceTree = "<group>"; };
		7A6FDA1123F5E4F900875CE9 /* UITableViewCell+.swift */ = {isa = PBXFileReference; lastKnownFileType = sourcecode.swift; path = "UITableViewCell+.swift"; sourceTree = "<group>"; };
		7A700A0C2334ED1B0075B5EA /* CustomLoadingView.swift */ = {isa = PBXFileReference; lastKnownFileType = sourcecode.swift; path = CustomLoadingView.swift; sourceTree = "<group>"; };
/* End PBXFileReference section */

/* Begin PBXFrameworksBuildPhase section */
		7A386FCE23339F3400B7BADE /* Frameworks */ = {
			isa = PBXFrameworksBuildPhase;
			buildActionMask = 2147483647;
			files = (
			);
			runOnlyForDeploymentPostprocessing = 0;
		};
		7A386FD723339F3400B7BADE /* Frameworks */ = {
			isa = PBXFrameworksBuildPhase;
			buildActionMask = 2147483647;
			files = (
				7A386FDB23339F3400B7BADE /* QExtensions.framework in Frameworks */,
			);
			runOnlyForDeploymentPostprocessing = 0;
		};
/* End PBXFrameworksBuildPhase section */

/* Begin PBXGroup section */
		7A22EE1F242CE1D0004CBE6F /* UI */ = {
			isa = PBXGroup;
			children = (
				7A2B8846233CD6AF00996E09 /* ViewControllerStyleable.swift */,
				7A38700823350FA600B7BADE /* GradientView.swift */,
				7A700A0C2334ED1B0075B5EA /* CustomLoadingView.swift */,
				7A2B8848233CD72E00996E09 /* AppStyle.swift */,
				7A22EE20242CE244004CBE6F /* AnimatedButton.swift */,
			);
			path = UI;
			sourceTree = "<group>";
		};
		7A386FC723339F3400B7BADE = {
			isa = PBXGroup;
			children = (
				7A386FD323339F3400B7BADE /* QExtensions */,
				7A386FDE23339F3400B7BADE /* QExtensionsTests */,
				7A386FD223339F3400B7BADE /* Products */,
			);
			sourceTree = "<group>";
		};
		7A386FD223339F3400B7BADE /* Products */ = {
			isa = PBXGroup;
			children = (
				7A386FD123339F3400B7BADE /* QExtensions.framework */,
				7A386FDA23339F3400B7BADE /* QExtensionsTests.xctest */,
			);
			name = Products;
			sourceTree = "<group>";
		};
		7A386FD323339F3400B7BADE /* QExtensions */ = {
			isa = PBXGroup;
			children = (
				7A5D0B9C233BB10C003CC100 /* Base */,
				7A38701423368B3C00B7BADE /* Extensions */,
				7A386FED2334B2E800B7BADE /* Supporting files */,
				7A386FF72334B8EB00B7BADE /* Reusable.swift */,
			);
			path = QExtensions;
			sourceTree = "<group>";
		};
		7A386FDE23339F3400B7BADE /* QExtensionsTests */ = {
			isa = PBXGroup;
			children = (
				7A386FDF23339F3400B7BADE /* QExtensionsTests.swift */,
				7A386FE123339F3400B7BADE /* Info.plist */,
			);
			path = QExtensionsTests;
			sourceTree = "<group>";
		};
		7A386FED2334B2E800B7BADE /* Supporting files */ = {
			isa = PBXGroup;
			children = (
				7A386FD423339F3400B7BADE /* QExtensions.h */,
				7A386FD523339F3400B7BADE /* Info.plist */,
			);
			path = "Supporting files";
			sourceTree = "<group>";
		};
		7A38701423368B3C00B7BADE /* Extensions */ = {
			isa = PBXGroup;
			children = (
				7A386FF12334B37100B7BADE /* Date+.swift */,
				7A386FEB2333A66600B7BADE /* UIColor+.swift */,
				7A386FF42334B38E00B7BADE /* DateFormatter+.swift */,
				7A386FFA2334C02600B7BADE /* UIAlertController+.swift */,
				7A386FFD2334C0A200B7BADE /* UIButton+.swift */,
				7A38700623350F1C00B7BADE /* Bundle+.swift */,
				7A38700A2335104500B7BADE /* NSAttributedString+.swift */,
				7A38700C2335112900B7BADE /* String+.swift */,
				7A38701023368A1900B7BADE /* UIImage+.swift */,
				7A38700E233689AE00B7BADE /* UIDevice+.swift */,
				7A38701223368AE900B7BADE /* UIView+.swift */,
				7A2BDF312342725200895615 /* UIViewController+.swift */,
				7A6C30B32350EDA10007EF14 /* UIScreen+.swift */,
				7A413E1623AFD76F00194944 /* UINavigationController+.swift */,
				7A413E1823AFD91D00194944 /* UIStackView+.swift */,
				7A6FDA0F23F5E1F000875CE9 /* UILabel+.swift */,
				7A6FDA1123F5E4F900875CE9 /* UITableViewCell+.swift */,
			);
			path = Extensions;
			sourceTree = "<group>";
		};
		7A5D0B9C233BB10C003CC100 /* Base */ = {
			isa = PBXGroup;
			children = (
				7A22EE1F242CE1D0004CBE6F /* UI */,
				7A5D0B9D233BB11A003CC100 /* FlowCoordinator.swift */,
				7A5D0B9F233BB169003CC100 /* QBase.swift */,
				7A5D0BA1233BB32B003CC100 /* FlowCoordinatorNoDeepLink.swift */,
				7A3870002334C23800B7BADE /* Logger.swift */,
				7A2B8842233CD47E00996E09 /* ViewController.swift */,
				7A2B8844233CD52000996E09 /* ViewControllerNoVM.swift */,
				7A3870032334CBB400B7BADE /* UnderKeyboardLayoutConstraint.swift */,
			);
			path = Base;
			sourceTree = "<group>";
		};
/* End PBXGroup section */

/* Begin PBXHeadersBuildPhase section */
		7A386FCC23339F3400B7BADE /* Headers */ = {
			isa = PBXHeadersBuildPhase;
			buildActionMask = 2147483647;
			files = (
				7A386FE223339F3400B7BADE /* QExtensions.h in Headers */,
			);
			runOnlyForDeploymentPostprocessing = 0;
		};
/* End PBXHeadersBuildPhase section */

/* Begin PBXNativeTarget section */
		7A386FD023339F3400B7BADE /* QExtensions */ = {
			isa = PBXNativeTarget;
			buildConfigurationList = 7A386FE523339F3400B7BADE /* Build configuration list for PBXNativeTarget "QExtensions" */;
			buildPhases = (
				7A386FCC23339F3400B7BADE /* Headers */,
				7A386FCD23339F3400B7BADE /* Sources */,
				7A386FCE23339F3400B7BADE /* Frameworks */,
				7A386FCF23339F3400B7BADE /* Resources */,
			);
			buildRules = (
			);
			dependencies = (
			);
			name = QExtensions;
			productName = QExtensions;
			productReference = 7A386FD123339F3400B7BADE /* QExtensions.framework */;
			productType = "com.apple.product-type.framework";
		};
		7A386FD923339F3400B7BADE /* QExtensionsTests */ = {
			isa = PBXNativeTarget;
			buildConfigurationList = 7A386FE823339F3400B7BADE /* Build configuration list for PBXNativeTarget "QExtensionsTests" */;
			buildPhases = (
				7A386FD623339F3400B7BADE /* Sources */,
				7A386FD723339F3400B7BADE /* Frameworks */,
				7A386FD823339F3400B7BADE /* Resources */,
			);
			buildRules = (
			);
			dependencies = (
				7A386FDD23339F3400B7BADE /* PBXTargetDependency */,
			);
			name = QExtensionsTests;
			productName = QExtensionsTests;
			productReference = 7A386FDA23339F3400B7BADE /* QExtensionsTests.xctest */;
			productType = "com.apple.product-type.bundle.unit-test";
		};
/* End PBXNativeTarget section */

/* Begin PBXProject section */
		7A386FC823339F3400B7BADE /* Project object */ = {
			isa = PBXProject;
			attributes = {
				LastSwiftUpdateCheck = 1030;
				LastUpgradeCheck = 1030;
				ORGANIZATIONNAME = Qusion;
				TargetAttributes = {
					7A386FD023339F3400B7BADE = {
						CreatedOnToolsVersion = 10.3;
						LastSwiftMigration = 1030;
					};
					7A386FD923339F3400B7BADE = {
						CreatedOnToolsVersion = 10.3;
					};
				};
			};
			buildConfigurationList = 7A386FCB23339F3400B7BADE /* Build configuration list for PBXProject "QExtensions" */;
			compatibilityVersion = "Xcode 9.3";
			developmentRegion = en;
			hasScannedForEncodings = 0;
			knownRegions = (
				en,
			);
			mainGroup = 7A386FC723339F3400B7BADE;
			productRefGroup = 7A386FD223339F3400B7BADE /* Products */;
			projectDirPath = "";
			projectRoot = "";
			targets = (
				7A386FD023339F3400B7BADE /* QExtensions */,
				7A386FD923339F3400B7BADE /* QExtensionsTests */,
			);
		};
/* End PBXProject section */

/* Begin PBXResourcesBuildPhase section */
		7A386FCF23339F3400B7BADE /* Resources */ = {
			isa = PBXResourcesBuildPhase;
			buildActionMask = 2147483647;
			files = (
			);
			runOnlyForDeploymentPostprocessing = 0;
		};
		7A386FD823339F3400B7BADE /* Resources */ = {
			isa = PBXResourcesBuildPhase;
			buildActionMask = 2147483647;
			files = (
			);
			runOnlyForDeploymentPostprocessing = 0;
		};
/* End PBXResourcesBuildPhase section */

/* Begin PBXSourcesBuildPhase section */
		7A386FCD23339F3400B7BADE /* Sources */ = {
			isa = PBXSourcesBuildPhase;
			buildActionMask = 2147483647;
			files = (
				7A3870042334CBB400B7BADE /* UnderKeyboardLayoutConstraint.swift in Sources */,
				7A22EE21242CE244004CBE6F /* AnimatedButton.swift in Sources */,
				7A6FDA1023F5E1F100875CE9 /* UILabel+.swift in Sources */,
				7A6C30B42350EDA10007EF14 /* UIScreen+.swift in Sources */,
				7A6FDA1223F5E4F900875CE9 /* UITableViewCell+.swift in Sources */,
				7A413E1723AFD76F00194944 /* UINavigationController+.swift in Sources */,
				7A5D0BA2233BB32B003CC100 /* FlowCoordinatorNoDeepLink.swift in Sources */,
				7A38700F233689AE00B7BADE /* UIDevice+.swift in Sources */,
				7A2B8843233CD47E00996E09 /* ViewController.swift in Sources */,
				7A386FF82334B8EB00B7BADE /* Reusable.swift in Sources */,
				7A413E1923AFD91D00194944 /* UIStackView+.swift in Sources */,
				7A38700923350FA600B7BADE /* GradientView.swift in Sources */,
				7A386FFE2334C0A200B7BADE /* UIButton+.swift in Sources */,
				7A38701123368A1900B7BADE /* UIImage+.swift in Sources */,
				7A5D0B9E233BB11A003CC100 /* FlowCoordinator.swift in Sources */,
				7A386FF52334B38E00B7BADE /* DateFormatter+.swift in Sources */,
				7A386FEC2333A66600B7BADE /* UIColor+.swift in Sources */,
				7A2B8847233CD6AF00996E09 /* ViewControllerStyleable.swift in Sources */,
				7A3870012334C23800B7BADE /* Logger.swift in Sources */,
				7A38701323368AE900B7BADE /* UIView+.swift in Sources */,
				7A2B8845233CD52000996E09 /* ViewControllerNoVM.swift in Sources */,
				7A38700723350F1C00B7BADE /* Bundle+.swift in Sources */,
				7A386FF22334B37100B7BADE /* Date+.swift in Sources */,
				7A5D0BA0233BB169003CC100 /* QBase.swift in Sources */,
				7A700A0D2334ED1B0075B5EA /* CustomLoadingView.swift in Sources */,
				7A2B8849233CD72E00996E09 /* AppStyle.swift in Sources */,
				7A2BDF322342725200895615 /* UIViewController+.swift in Sources */,
				7A386FFB2334C02600B7BADE /* UIAlertController+.swift in Sources */,
				7A38700D2335112900B7BADE /* String+.swift in Sources */,
				7A38700B2335104500B7BADE /* NSAttributedString+.swift in Sources */,
			);
			runOnlyForDeploymentPostprocessing = 0;
		};
		7A386FD623339F3400B7BADE /* Sources */ = {
			isa = PBXSourcesBuildPhase;
			buildActionMask = 2147483647;
			files = (
				7A386FF92334B8EB00B7BADE /* Reusable.swift in Sources */,
				7A386FE023339F3400B7BADE /* QExtensionsTests.swift in Sources */,
			);
			runOnlyForDeploymentPostprocessing = 0;
		};
/* End PBXSourcesBuildPhase section */

/* Begin PBXTargetDependency section */
		7A386FDD23339F3400B7BADE /* PBXTargetDependency */ = {
			isa = PBXTargetDependency;
			target = 7A386FD023339F3400B7BADE /* QExtensions */;
			targetProxy = 7A386FDC23339F3400B7BADE /* PBXContainerItemProxy */;
		};
/* End PBXTargetDependency section */

/* Begin XCBuildConfiguration section */
		7A386FE323339F3400B7BADE /* Debug */ = {
			isa = XCBuildConfiguration;
			buildSettings = {
				ALWAYS_SEARCH_USER_PATHS = NO;
				CLANG_ANALYZER_NONNULL = YES;
				CLANG_ANALYZER_NUMBER_OBJECT_CONVERSION = YES_AGGRESSIVE;
				CLANG_CXX_LANGUAGE_STANDARD = "gnu++14";
				CLANG_CXX_LIBRARY = "libc++";
				CLANG_ENABLE_MODULES = YES;
				CLANG_ENABLE_OBJC_ARC = YES;
				CLANG_ENABLE_OBJC_WEAK = YES;
				CLANG_WARN_BLOCK_CAPTURE_AUTORELEASING = YES;
				CLANG_WARN_BOOL_CONVERSION = YES;
				CLANG_WARN_COMMA = YES;
				CLANG_WARN_CONSTANT_CONVERSION = YES;
				CLANG_WARN_DEPRECATED_OBJC_IMPLEMENTATIONS = YES;
				CLANG_WARN_DIRECT_OBJC_ISA_USAGE = YES_ERROR;
				CLANG_WARN_DOCUMENTATION_COMMENTS = YES;
				CLANG_WARN_EMPTY_BODY = YES;
				CLANG_WARN_ENUM_CONVERSION = YES;
				CLANG_WARN_INFINITE_RECURSION = YES;
				CLANG_WARN_INT_CONVERSION = YES;
				CLANG_WARN_NON_LITERAL_NULL_CONVERSION = YES;
				CLANG_WARN_OBJC_IMPLICIT_RETAIN_SELF = YES;
				CLANG_WARN_OBJC_LITERAL_CONVERSION = YES;
				CLANG_WARN_OBJC_ROOT_CLASS = YES_ERROR;
				CLANG_WARN_RANGE_LOOP_ANALYSIS = YES;
				CLANG_WARN_STRICT_PROTOTYPES = YES;
				CLANG_WARN_SUSPICIOUS_MOVE = YES;
				CLANG_WARN_UNGUARDED_AVAILABILITY = YES_AGGRESSIVE;
				CLANG_WARN_UNREACHABLE_CODE = YES;
				CLANG_WARN__DUPLICATE_METHOD_MATCH = YES;
				CODE_SIGN_IDENTITY = "iPhone Developer";
				COPY_PHASE_STRIP = NO;
				CURRENT_PROJECT_VERSION = 1;
				DEBUG_INFORMATION_FORMAT = dwarf;
				ENABLE_STRICT_OBJC_MSGSEND = YES;
				ENABLE_TESTABILITY = YES;
				GCC_C_LANGUAGE_STANDARD = gnu11;
				GCC_DYNAMIC_NO_PIC = NO;
				GCC_NO_COMMON_BLOCKS = YES;
				GCC_OPTIMIZATION_LEVEL = 0;
				GCC_PREPROCESSOR_DEFINITIONS = (
					"DEBUG=1",
					"$(inherited)",
				);
				GCC_WARN_64_TO_32_BIT_CONVERSION = YES;
				GCC_WARN_ABOUT_RETURN_TYPE = YES_ERROR;
				GCC_WARN_UNDECLARED_SELECTOR = YES;
				GCC_WARN_UNINITIALIZED_AUTOS = YES_AGGRESSIVE;
				GCC_WARN_UNUSED_FUNCTION = YES;
				GCC_WARN_UNUSED_VARIABLE = YES;
				IPHONEOS_DEPLOYMENT_TARGET = 12.4;
				MTL_ENABLE_DEBUG_INFO = INCLUDE_SOURCE;
				MTL_FAST_MATH = YES;
				ONLY_ACTIVE_ARCH = YES;
				SDKROOT = iphoneos;
				SWIFT_ACTIVE_COMPILATION_CONDITIONS = DEBUG;
				SWIFT_OPTIMIZATION_LEVEL = "-Onone";
				VERSIONING_SYSTEM = "apple-generic";
				VERSION_INFO_PREFIX = "";
			};
			name = Debug;
		};
		7A386FE423339F3400B7BADE /* Release */ = {
			isa = XCBuildConfiguration;
			buildSettings = {
				ALWAYS_SEARCH_USER_PATHS = NO;
				CLANG_ANALYZER_NONNULL = YES;
				CLANG_ANALYZER_NUMBER_OBJECT_CONVERSION = YES_AGGRESSIVE;
				CLANG_CXX_LANGUAGE_STANDARD = "gnu++14";
				CLANG_CXX_LIBRARY = "libc++";
				CLANG_ENABLE_MODULES = YES;
				CLANG_ENABLE_OBJC_ARC = YES;
				CLANG_ENABLE_OBJC_WEAK = YES;
				CLANG_WARN_BLOCK_CAPTURE_AUTORELEASING = YES;
				CLANG_WARN_BOOL_CONVERSION = YES;
				CLANG_WARN_COMMA = YES;
				CLANG_WARN_CONSTANT_CONVERSION = YES;
				CLANG_WARN_DEPRECATED_OBJC_IMPLEMENTATIONS = YES;
				CLANG_WARN_DIRECT_OBJC_ISA_USAGE = YES_ERROR;
				CLANG_WARN_DOCUMENTATION_COMMENTS = YES;
				CLANG_WARN_EMPTY_BODY = YES;
				CLANG_WARN_ENUM_CONVERSION = YES;
				CLANG_WARN_INFINITE_RECURSION = YES;
				CLANG_WARN_INT_CONVERSION = YES;
				CLANG_WARN_NON_LITERAL_NULL_CONVERSION = YES;
				CLANG_WARN_OBJC_IMPLICIT_RETAIN_SELF = YES;
				CLANG_WARN_OBJC_LITERAL_CONVERSION = YES;
				CLANG_WARN_OBJC_ROOT_CLASS = YES_ERROR;
				CLANG_WARN_RANGE_LOOP_ANALYSIS = YES;
				CLANG_WARN_STRICT_PROTOTYPES = YES;
				CLANG_WARN_SUSPICIOUS_MOVE = YES;
				CLANG_WARN_UNGUARDED_AVAILABILITY = YES_AGGRESSIVE;
				CLANG_WARN_UNREACHABLE_CODE = YES;
				CLANG_WARN__DUPLICATE_METHOD_MATCH = YES;
				CODE_SIGN_IDENTITY = "iPhone Developer";
				COPY_PHASE_STRIP = NO;
				CURRENT_PROJECT_VERSION = 1;
				DEBUG_INFORMATION_FORMAT = "dwarf-with-dsym";
				ENABLE_NS_ASSERTIONS = NO;
				ENABLE_STRICT_OBJC_MSGSEND = YES;
				GCC_C_LANGUAGE_STANDARD = gnu11;
				GCC_NO_COMMON_BLOCKS = YES;
				GCC_WARN_64_TO_32_BIT_CONVERSION = YES;
				GCC_WARN_ABOUT_RETURN_TYPE = YES_ERROR;
				GCC_WARN_UNDECLARED_SELECTOR = YES;
				GCC_WARN_UNINITIALIZED_AUTOS = YES_AGGRESSIVE;
				GCC_WARN_UNUSED_FUNCTION = YES;
				GCC_WARN_UNUSED_VARIABLE = YES;
				IPHONEOS_DEPLOYMENT_TARGET = 12.4;
				MTL_ENABLE_DEBUG_INFO = NO;
				MTL_FAST_MATH = YES;
				SDKROOT = iphoneos;
				SWIFT_COMPILATION_MODE = wholemodule;
				SWIFT_OPTIMIZATION_LEVEL = "-O";
				VALIDATE_PRODUCT = YES;
				VERSIONING_SYSTEM = "apple-generic";
				VERSION_INFO_PREFIX = "";
			};
			name = Release;
		};
		7A386FE623339F3400B7BADE /* Debug */ = {
			isa = XCBuildConfiguration;
			buildSettings = {
				CLANG_ENABLE_MODULES = YES;
				CODE_SIGN_IDENTITY = "iPhone Developer";
				CODE_SIGN_STYLE = Automatic;
				DEFINES_MODULE = YES;
				DEVELOPMENT_TEAM = "";
				DYLIB_COMPATIBILITY_VERSION = 1;
				DYLIB_CURRENT_VERSION = 1;
				DYLIB_INSTALL_NAME_BASE = "@rpath";
				INFOPLIST_FILE = "$(SRCROOT)/QExtensions/Supporting files/Info.plist";
				INSTALL_PATH = "$(LOCAL_LIBRARY_DIR)/Frameworks";
				LD_RUNPATH_SEARCH_PATHS = (
					"$(inherited)",
					"@executable_path/Frameworks",
					"@loader_path/Frameworks",
				);
				PRODUCT_BUNDLE_IDENTIFIER = com.qusion.QExtensions;
				PRODUCT_NAME = "$(TARGET_NAME:c99extidentifier)";
				SKIP_INSTALL = YES;
				SWIFT_OPTIMIZATION_LEVEL = "-Onone";
				SWIFT_VERSION = 5.0;
				TARGETED_DEVICE_FAMILY = "1,2";
			};
			name = Debug;
		};
		7A386FE723339F3400B7BADE /* Release */ = {
			isa = XCBuildConfiguration;
			buildSettings = {
				CLANG_ENABLE_MODULES = YES;
				CODE_SIGN_IDENTITY = "";
				CODE_SIGN_STYLE = Automatic;
				DEFINES_MODULE = YES;
				DEVELOPMENT_TEAM = "";
				DYLIB_COMPATIBILITY_VERSION = 1;
				DYLIB_CURRENT_VERSION = 1;
				DYLIB_INSTALL_NAME_BASE = "@rpath";
				INFOPLIST_FILE = "$(SRCROOT)/QExtensions/Supporting files/Info.plist";
				INSTALL_PATH = "$(LOCAL_LIBRARY_DIR)/Frameworks";
				LD_RUNPATH_SEARCH_PATHS = (
					"$(inherited)",
					"@executable_path/Frameworks",
					"@loader_path/Frameworks",
				);
				PRODUCT_BUNDLE_IDENTIFIER = com.qusion.QExtensions;
				PRODUCT_NAME = "$(TARGET_NAME:c99extidentifier)";
				SKIP_INSTALL = YES;
				SWIFT_VERSION = 5.0;
				TARGETED_DEVICE_FAMILY = "1,2";
			};
			name = Release;
		};
		7A386FE923339F3400B7BADE /* Debug */ = {
			isa = XCBuildConfiguration;
			buildSettings = {
				ALWAYS_EMBED_SWIFT_STANDARD_LIBRARIES = YES;
				CODE_SIGN_STYLE = Automatic;
				DEVELOPMENT_TEAM = KRJR26S2CZ;
				INFOPLIST_FILE = QExtensionsTests/Info.plist;
				LD_RUNPATH_SEARCH_PATHS = (
					"$(inherited)",
					"@executable_path/Frameworks",
					"@loader_path/Frameworks",
				);
				PRODUCT_BUNDLE_IDENTIFIER = com.qusion.QExtensionsTests;
				PRODUCT_NAME = "$(TARGET_NAME)";
				SWIFT_VERSION = 5.0;
				TARGETED_DEVICE_FAMILY = "1,2";
			};
			name = Debug;
		};
		7A386FEA23339F3400B7BADE /* Release */ = {
			isa = XCBuildConfiguration;
			buildSettings = {
				ALWAYS_EMBED_SWIFT_STANDARD_LIBRARIES = YES;
				CODE_SIGN_STYLE = Automatic;
				DEVELOPMENT_TEAM = KRJR26S2CZ;
				INFOPLIST_FILE = QExtensionsTests/Info.plist;
				LD_RUNPATH_SEARCH_PATHS = (
					"$(inherited)",
					"@executable_path/Frameworks",
					"@loader_path/Frameworks",
				);
				PRODUCT_BUNDLE_IDENTIFIER = com.qusion.QExtensionsTests;
				PRODUCT_NAME = "$(TARGET_NAME)";
				SWIFT_VERSION = 5.0;
				TARGETED_DEVICE_FAMILY = "1,2";
			};
			name = Release;
		};
/* End XCBuildConfiguration section */

/* Begin XCConfigurationList section */
		7A386FCB23339F3400B7BADE /* Build configuration list for PBXProject "QExtensions" */ = {
			isa = XCConfigurationList;
			buildConfigurations = (
				7A386FE323339F3400B7BADE /* Debug */,
				7A386FE423339F3400B7BADE /* Release */,
			);
			defaultConfigurationIsVisible = 0;
			defaultConfigurationName = Release;
		};
		7A386FE523339F3400B7BADE /* Build configuration list for PBXNativeTarget "QExtensions" */ = {
			isa = XCConfigurationList;
			buildConfigurations = (
				7A386FE623339F3400B7BADE /* Debug */,
				7A386FE723339F3400B7BADE /* Release */,
			);
			defaultConfigurationIsVisible = 0;
			defaultConfigurationName = Release;
		};
		7A386FE823339F3400B7BADE /* Build configuration list for PBXNativeTarget "QExtensionsTests" */ = {
			isa = XCConfigurationList;
			buildConfigurations = (
				7A386FE923339F3400B7BADE /* Debug */,
				7A386FEA23339F3400B7BADE /* Release */,
			);
			defaultConfigurationIsVisible = 0;
			defaultConfigurationName = Release;
		};
/* End XCConfigurationList section */
	};
	rootObject = 7A386FC823339F3400B7BADE /* Project object */;
}
